# THIS IS AN AUTOGENERATED FILE. DO NOT EDIT THIS FILE DIRECTLY.
# yarn lockfile v1


ansi-regex@^0.2.0, ansi-regex@^0.2.1:
  version "0.2.1"
  resolved "https://registry.yarnpkg.com/ansi-regex/-/ansi-regex-0.2.1.tgz#0d8e946967a3d8143f93e24e298525fc1b2235f9"

ansi-styles@^1.1.0:
  version "1.1.0"
  resolved "https://registry.yarnpkg.com/ansi-styles/-/ansi-styles-1.1.0.tgz#eaecbf66cd706882760b2f4691582b8f55d7a7de"

async-limiter@~1.0.0:
  version "1.0.0"
  resolved "https://registry.yarnpkg.com/async-limiter/-/async-limiter-1.0.0.tgz#78faed8c3d074ab81f22b4e985d79e8738f720f8"

chalk@^0.5.1:
  version "0.5.1"
  resolved "https://registry.yarnpkg.com/chalk/-/chalk-0.5.1.tgz#663b3a648b68b55d04690d49167aa837858f2174"
  dependencies:
    ansi-styles "^1.1.0"
    escape-string-regexp "^1.0.0"
    has-ansi "^0.1.0"
    strip-ansi "^0.3.0"
    supports-color "^0.2.0"

commander@^2.3.0:
  version "2.12.2"
  resolved "https://registry.yarnpkg.com/commander/-/commander-2.12.2.tgz#0f5946c427ed9ec0d91a46bb9def53e54650e555"

conf@^1.3.0:
  version "1.3.1"
  resolved "https://registry.yarnpkg.com/conf/-/conf-1.3.1.tgz#829a82b081bb355129992333be1598f797a56f58"
  dependencies:
    dot-prop "^4.1.0"
    env-paths "^1.0.0"
    make-dir "^1.0.0"
    pkg-up "^2.0.0"
    write-file-atomic "^2.3.0"

cross-spawn@^6.0.0:
  version "6.0.5"
  resolved "https://registry.yarnpkg.com/cross-spawn/-/cross-spawn-6.0.5.tgz#4a5ec7c64dfae22c3a14124dbacdee846d80cbc4"
  dependencies:
    nice-try "^1.0.4"
    path-key "^2.0.1"
    semver "^5.5.0"
    shebang-command "^1.2.0"
    which "^1.2.9"

dot-prop@^4.1.0:
  version "4.2.0"
  resolved "https://registry.yarnpkg.com/dot-prop/-/dot-prop-4.2.0.tgz#1f19e0c2e1aa0e32797c49799f2837ac6af69c57"
  dependencies:
    is-obj "^1.0.0"

electron-is-dev@^0.3.0:
  version "0.3.0"
  resolved "https://registry.yarnpkg.com/electron-is-dev/-/electron-is-dev-0.3.0.tgz#14e6fda5c68e9e4ecbeff9ccf037cbd7c05c5afe"

electron-store@^1.3.0:
  version "1.3.0"
  resolved "https://registry.yarnpkg.com/electron-store/-/electron-store-1.3.0.tgz#ee488a28a61fb982fd35b658fb9cb6331eb201f8"
  dependencies:
    conf "^1.3.0"

electron-util@^0.8.2:
  version "0.8.2"
  resolved "https://registry.yarnpkg.com/electron-util/-/electron-util-0.8.2.tgz#9ec18f54141192e3fcbfe1d6dfd22780de87ffed"
  dependencies:
    electron-is-dev "^0.3.0"

env-paths@^1.0.0:
  version "1.0.0"
  resolved "https://registry.yarnpkg.com/env-paths/-/env-paths-1.0.0.tgz#4168133b42bb05c38a35b1ae4397c8298ab369e0"

escape-string-regexp@^1.0.0:
  version "1.0.5"
  resolved "https://registry.yarnpkg.com/escape-string-regexp/-/escape-string-regexp-1.0.5.tgz#1b61c0562190a8dff6ae3bb2cf0200ca130b86d4"

execa@^0.10.0:
  version "0.10.0"
  resolved "https://registry.yarnpkg.com/execa/-/execa-0.10.0.tgz#ff456a8f53f90f8eccc71a96d11bdfc7f082cb50"
  dependencies:
    cross-spawn "^6.0.0"
    get-stream "^3.0.0"
    is-stream "^1.1.0"
    npm-run-path "^2.0.0"
    p-finally "^1.0.0"
    signal-exit "^3.0.0"
    strip-eof "^1.0.0"

file-size@0.0.5:
  version "0.0.5"
  resolved "https://registry.yarnpkg.com/file-size/-/file-size-0.0.5.tgz#057d43c3a3ed735da3f90d6052ab380f1e6d5e3b"

find-up@^2.1.0:
  version "2.1.0"
  resolved "https://registry.yarnpkg.com/find-up/-/find-up-2.1.0.tgz#45d1b7e506c717ddd482775a2b77920a3c0c57a7"
  dependencies:
    locate-path "^2.0.0"

fs-extra@^5.0.0:
  version "5.0.0"
  resolved "https://registry.yarnpkg.com/fs-extra/-/fs-extra-5.0.0.tgz#414d0110cdd06705734d055652c5411260c31abd"
  dependencies:
    graceful-fs "^4.1.2"
    jsonfile "^4.0.0"
    universalify "^0.1.0"

get-port@^3.2.0:
  version "3.2.0"
  resolved "https://registry.yarnpkg.com/get-port/-/get-port-3.2.0.tgz#dd7ce7de187c06c8bf353796ac71e099f0980ebc"

get-stream@^3.0.0:
  version "3.0.0"
  resolved "https://registry.yarnpkg.com/get-stream/-/get-stream-3.0.0.tgz#8e943d1358dc37555054ecbe2edb05aa174ede14"

graceful-fs@^4.1.11, graceful-fs@^4.1.2, graceful-fs@^4.1.6:
  version "4.1.11"
  resolved "https://registry.yarnpkg.com/graceful-fs/-/graceful-fs-4.1.11.tgz#0e8bdfe4d1ddb8854d64e04ea7c00e2a026e5658"

has-ansi@^0.1.0:
  version "0.1.0"
  resolved "https://registry.yarnpkg.com/has-ansi/-/has-ansi-0.1.0.tgz#84f265aae8c0e6a88a12d7022894b7568894c62e"
  dependencies:
    ansi-regex "^0.2.0"

imurmurhash@^0.1.4:
  version "0.1.4"
  resolved "https://registry.yarnpkg.com/imurmurhash/-/imurmurhash-0.1.4.tgz#9218b9b2b928a238b13dc4fb6b6d576f231453ea"

is-obj@^1.0.0:
  version "1.0.1"
  resolved "https://registry.yarnpkg.com/is-obj/-/is-obj-1.0.1.tgz#3e4729ac1f5fde025cd7d83a896dab9f4f67db0f"

is-stream@^1.1.0:
  version "1.1.0"
  resolved "https://registry.yarnpkg.com/is-stream/-/is-stream-1.1.0.tgz#12d4a3dd4e68e0b79ceb8dbc84173ae80d91ca44"

isexe@^2.0.0:
  version "2.0.0"
  resolved "https://registry.yarnpkg.com/isexe/-/isexe-2.0.0.tgz#e8fbf374dc556ff8947a10dcb0572d633f2cfa10"

jsonfile@^4.0.0:
  version "4.0.0"
  resolved "https://registry.yarnpkg.com/jsonfile/-/jsonfile-4.0.0.tgz#8771aae0799b64076b76640fca058f9c10e33ecb"
  optionalDependencies:
    graceful-fs "^4.1.6"

locate-path@^2.0.0:
  version "2.0.0"
  resolved "https://registry.yarnpkg.com/locate-path/-/locate-path-2.0.0.tgz#2b568b265eec944c6d9c0de9c3dbbbca0354cd8e"
  dependencies:
    p-locate "^2.0.0"
    path-exists "^3.0.0"

make-dir@^1.0.0:
  version "1.1.0"
  resolved "https://registry.yarnpkg.com/make-dir/-/make-dir-1.1.0.tgz#19b4369fe48c116f53c2af95ad102c0e39e85d51"
  dependencies:
    pify "^3.0.0"

mime@^1.2.11:
  version "1.4.1"
  resolved "https://registry.yarnpkg.com/mime/-/mime-1.4.1.tgz#121f9ebc49e3766f311a76e1fa1c8003c4b03aa6"

minimist@0.0.8:
  version "0.0.8"
  resolved "https://registry.yarnpkg.com/minimist/-/minimist-0.0.8.tgz#857fcabfc3397d2625b8228262e86aa7a011b05d"

mkdirp@^0.5.1:
  version "0.5.1"
  resolved "https://registry.yarnpkg.com/mkdirp/-/mkdirp-0.5.1.tgz#30057438eac6cf7f8c4767f38648d6697d75c903"
  dependencies:
    minimist "0.0.8"

nice-try@^1.0.4:
  version "1.0.4"
  resolved "https://registry.yarnpkg.com/nice-try/-/nice-try-1.0.4.tgz#d93962f6c52f2c1558c0fbda6d512819f1efe1c4"

npm-run-path@^2.0.0:
  version "2.0.2"
  resolved "https://registry.yarnpkg.com/npm-run-path/-/npm-run-path-2.0.2.tgz#35a9232dfa35d7067b4cb2ddf2357b1871536c5f"
  dependencies:
    path-key "^2.0.0"

p-finally@^1.0.0:
  version "1.0.0"
  resolved "https://registry.yarnpkg.com/p-finally/-/p-finally-1.0.0.tgz#3fbcfb15b899a44123b34b6dcc18b724336a2cae"

p-limit@^1.1.0:
  version "1.1.0"
  resolved "https://registry.yarnpkg.com/p-limit/-/p-limit-1.1.0.tgz#b07ff2d9a5d88bec806035895a2bab66a27988bc"

p-locate@^2.0.0:
  version "2.0.0"
  resolved "https://registry.yarnpkg.com/p-locate/-/p-locate-2.0.0.tgz#20a0103b222a70c8fd39cc2e580680f3dde5ec43"
  dependencies:
    p-limit "^1.1.0"

path-exists@^3.0.0:
  version "3.0.0"
  resolved "https://registry.yarnpkg.com/path-exists/-/path-exists-3.0.0.tgz#ce0ebeaa5f78cb18925ea7d810d7b59b010fd515"

path-key@^2.0.0, path-key@^2.0.1:
  version "2.0.1"
  resolved "https://registry.yarnpkg.com/path-key/-/path-key-2.0.1.tgz#411cadb574c5a140d3a4b1910d40d80cc9f40b40"

pify@^3.0.0:
  version "3.0.0"
  resolved "https://registry.yarnpkg.com/pify/-/pify-3.0.0.tgz#e5a4acd2c101fdf3d9a4d07f0dbc4db49dd28176"

pkg-up@^2.0.0:
  version "2.0.0"
  resolved "https://registry.yarnpkg.com/pkg-up/-/pkg-up-2.0.0.tgz#c819ac728059a461cab1c3889a2be3c49a004d7f"
  dependencies:
    find-up "^2.1.0"

semver@^5.5.0:
  version "5.5.0"
  resolved "https://registry.yarnpkg.com/semver/-/semver-5.5.0.tgz#dc4bbc7a6ca9d916dee5d43516f0092b58f7b8ab"

shebang-command@^1.2.0:
  version "1.2.0"
  resolved "https://registry.yarnpkg.com/shebang-command/-/shebang-command-1.2.0.tgz#44aac65b695b03398968c39f363fee5deafdf1ea"
  dependencies:
    shebang-regex "^1.0.0"

shebang-regex@^1.0.0:
  version "1.0.0"
  resolved "https://registry.yarnpkg.com/shebang-regex/-/shebang-regex-1.0.0.tgz#da42f49740c0b42db2ca9728571cb190c98efea3"

signal-exit@^3.0.0, signal-exit@^3.0.2:
  version "3.0.2"
  resolved "https://registry.yarnpkg.com/signal-exit/-/signal-exit-3.0.2.tgz#b5fdc08f1287ea1178628e415e25132b73646c6d"

static-server@^3.0.0:
  version "3.0.0"
  resolved "https://registry.yarnpkg.com/static-server/-/static-server-3.0.0.tgz#50c5adb318bcdf6547f4b36c272e8c53df829030"
  dependencies:
    chalk "^0.5.1"
    commander "^2.3.0"
    file-size "0.0.5"
    mime "^1.2.11"

strip-ansi@^0.3.0:
  version "0.3.0"
  resolved "https://registry.yarnpkg.com/strip-ansi/-/strip-ansi-0.3.0.tgz#25f48ea22ca79187f3174a4db8759347bb126220"
  dependencies:
    ansi-regex "^0.2.1"

strip-eof@^1.0.0:
  version "1.0.0"
  resolved "https://registry.yarnpkg.com/strip-eof/-/strip-eof-1.0.0.tgz#bb43ff5598a6eb05d89b59fcd129c983313606bf"

supports-color@^0.2.0:
  version "0.2.0"
  resolved "https://registry.yarnpkg.com/supports-color/-/supports-color-0.2.0.tgz#d92de2694eb3f67323973d7ae3d8b55b4c22190a"

universalify@^0.1.0:
  version "0.1.1"
  resolved "https://registry.yarnpkg.com/universalify/-/universalify-0.1.1.tgz#fa71badd4437af4c148841e3b3b165f9e9e590b7"

which@^1.2.9:
  version "1.3.0"
  resolved "https://registry.yarnpkg.com/which/-/which-1.3.0.tgz#ff04bdfc010ee547d780bec38e1ac1c2777d253a"
  dependencies:
    isexe "^2.0.0"

write-file-atomic@^2.3.0:
  version "2.3.0"
  resolved "https://registry.yarnpkg.com/write-file-atomic/-/write-file-atomic-2.3.0.tgz#1ff61575c2e2a4e8e510d6fa4e243cce183999ab"
  dependencies:
    graceful-fs "^4.1.11"
    imurmurhash "^0.1.4"
    signal-exit "^3.0.2"

ws@^5.1.1:
  version "5.1.1"
  resolved "https://registry.yarnpkg.com/ws/-/ws-5.1.1.tgz#1d43704689711ac1942fd2f283e38f825c4b8b95"
  dependencies:
    async-limiter "~1.0.0"
